
Microsoft Visual Studio Solution File, Format Version 12.00
# Visual Studio Version 17
VisualStudioVersion = 17.11.35327.3
MinimumVisualStudioVersion = 10.0.40219.1
Project("{FAE04EC0-301F-11D3-BF4B-00C04F79EFBC}") = "NetCsharpWinFormEvents", "NetCsharpWinFormEvents\NetCsharpWinFormEvents.csproj", "{78F4427D-C9D6-4093-89A4-46EA44869A50}"
EndProject
Global
	GlobalSection(SolutionConfigurationPlatforms) = preSolution
		Debug|Any CPU = Debug|Any CPU
		Release|Any CPU = Release|Any CPU
	EndGlobalSection
	GlobalSection(ProjectConfigurationPlatforms) = postSolution
		{78F4427D-C9D6-4093-89A4-46EA44869A50}.Debug|Any CPU.ActiveCfg = Debug|Any CPU
		{78F4427D-C9D6-4093-89A4-46EA44869A50}.Debug|Any CPU.Build.0 = Debug|Any CPU
		{78F4427D-C9D6-4093-89A4-46EA44869A50}.Release|Any CPU.ActiveCfg = Release|Any CPU
		{78F4427D-C9D6-4093-89A4-46EA44869A50}.Release|Any CPU.Build.0 = Release|Any CPU
	EndGlobalSection
	GlobalSection(SolutionProperties) = preSolution
		HideSolutionNode = FALSE
	EndGlobalSection
	GlobalSection(ExtensibilityGlobals) = postSolution
		SolutionGuid = {90298C71-C866-4F16-82E5-61C433239F3E}
	EndGlobalSection
EndGlobal
